{
  "name": "galaxy",
  "lockfileVersion": 2,
  "requires": true,
  "packages": {
    "": {
      "dependencies": {
        "controls": "^0.7.5",
        "three": "^0.142.0"
      }
    },
    "node_modules/controls": {
      "version": "0.7.5",
      "resolved": "https://registry.npmjs.org/controls/-/controls-0.7.5.tgz",
      "integrity": "sha512-J09Kqs5WOkJyjnQsk32nGoGQKds07WXoAQa0+iqIK8NEjKJfMfvUcLWyJ6mSnlXGTmwAWnwyKdEw1Qgfh0LS5Q=="
    },
    "node_modules/three": {
      "version": "0.142.0",
      "resolved": "https://registry.npmjs.org/three/-/three-0.142.0.tgz",
      "integrity": "sha512-ESjPO+3geFr+ZUfVMpMnF/eVU2uJPOh0e2ZpMFqjNca1wApS9lJb7E4MjwGIczgt9iuKd8PEm6Pfgp2bJ92Xtg=="
    }
  },
  "dependencies": {
    "controls": {
      "version": "0.7.5",
      "resolved": "https://registry.npmjs.org/controls/-/controls-0.7.5.tgz",
      "integrity": "sha512-J09Kqs5WOkJyjnQsk32nGoGQKds07WXoAQa0+iqIK8NEjKJfMfvUcLWyJ6mSnlXGTmwAWnwyKdEw1Qgfh0LS5Q=="
    },
    "three": {
      "version": "0.142.0",
      "resolved": "https://registry.npmjs.org/three/-/three-0.142.0.tgz",
      "integrity": "sha512-ESjPO+3geFr+ZUfVMpMnF/eVU2uJPOh0e2ZpMFqjNca1wApS9lJb7E4MjwGIczgt9iuKd8PEm6Pfgp2bJ92Xtg=="
    }
  }
}
